dependencies:
- name: eck-operator
  repository: https://helm.elastic.co
  version: 2.4.0
- name: mariadb
  repository: https://charts.bitnami.com/bitnami
  version: 11.3.0
- name: kube-prometheus
  repository: https://charts.bitnami.com/bitnami
  version: 8.1.7
- name: mongodb
  repository: https://charts.bitnami.com/bitnami
  version: 13.1.3
- name: postgresql
  repository: https://charts.bitnami.com/bitnami
  version: 11.9.1
- name: grafana
  repository: https://charts.bitnami.com/bitnami
  version: 8.2.8
digest: sha256:63470a476abc88afd5148fc219d4b93ba4fee85f13a2ff368122e6a7b2a86489
generated: "2022-09-15T23:48:29.8581844-06:00"
