dependencies:
- name: kube-prometheus
  repository: https://charts.bitnami.com/charts
  version: 8.1.7
- name: grafana
  repository: https://charts.bitnami.com/charts
  version: 8.2.8
digest: sha256:46f0fe50fb9a29962cc8ba89bf96f9037adb71e6f81aea5ac9e84a516970231f
generated: "2022-09-15T23:23:49.0906301-06:00"
