dependencies:
- name: prometheus-elasticsearch-exporter
  repository: https://prometheus-community.github.io/helm-charts
  version: 4.14.0
- name: elasticsearch
  repository: https://helm.elastic.co
  version: 7.17.3
- name: elasticsearch
  repository: https://helm.elastic.co
  version: 7.17.3
- name: mariadb
  repository: https://charts.bitnami.com/bitnami
  version: 11.4.0
- name: rabbitmq
  repository: https://charts.bitnami.com/bitnami
  version: 11.0.0
digest: sha256:a870b6ed818603d661e29c8518c9d814505650a3f8fb4691c5a321a628ee1780
generated: "2022-11-23T01:03:38.3050127-06:00"
