dependencies:
- name: mariadb
  repository: https://charts.bitnami.com/bitnami
  version: 11.3.0
- name: rabbitmq
  repository: https://charts.bitnami.com/bitnami
  version: 10.3.5
digest: sha256:94debb04c86bfdc0ff2dc9056be0eb9aec12c8fca82abef497c7eea93f114d21
generated: "2022-10-13T19:03:50.9915657-06:00"
