dependencies:
- name: eck-operator
  repository: https://helm.elastic.co
  version: 2.4.0
- name: mariadb
  repository: https://charts.bitnami.com/bitnami
  version: 11.3.0
- name: rabbitmq
  repository: https://charts.bitnami.com/bitnami
  version: 10.3.5
digest: sha256:0db41d2219e1c75052a551bd8523ba3a39f352f97c6ade206072c9291d77014b
generated: "2022-10-12T19:15:28.3555655-06:00"
